
Microsoft Visual Studio Solution File, Format Version 12.00
# Visual Studio 15
VisualStudioVersion = 15.0.28307.852
MinimumVisualStudioVersion = 10.0.40219.1
Project("{888888A0-9F3D-457C-B088-3A5042F75D52}") = "HolaMunoPyhton", "HolaMunoPyhton\HolaMunoPyhton.pyproj", "{5F08B9C3-5A1D-4F5A-AEDF-297457830523}"
EndProject
Global
	GlobalSection(SolutionConfigurationPlatforms) = preSolution
		Debug|Any CPU = Debug|Any CPU
		Release|Any CPU = Release|Any CPU
	EndGlobalSection
	GlobalSection(ProjectConfigurationPlatforms) = postSolution
		{5F08B9C3-5A1D-4F5A-AEDF-297457830523}.Debug|Any CPU.ActiveCfg = Debug|Any CPU
		{5F08B9C3-5A1D-4F5A-AEDF-297457830523}.Release|Any CPU.ActiveCfg = Release|Any CPU
	EndGlobalSection
	GlobalSection(SolutionProperties) = preSolution
		HideSolutionNode = FALSE
	EndGlobalSection
	GlobalSection(ExtensibilityGlobals) = postSolution
		SolutionGuid = {FD86F377-6A82-4B5F-B7B2-2D32853F8E70}
	EndGlobalSection
EndGlobal
